# Generated by Dagger. Pins the images and git refs this workspace uses.
# Any Dagger command may update this file; always commit it with your changes.
# Run `dagger workspace update` to refresh the pinned versions.
[["version","2"]]
["","container.from",["docker.io/library/node:24.19.0-trixie-slim","linux/amd64"],"sha256:ab3eebe934147fee049b5eb83c570f68c849a13c930bdfa482de99fcdfa3b3de"]
["","container.from",["docker.io/library/rust:1.97.1-slim-trixie","linux/amd64"],"sha256:8e8cf8f7fd54a2d23d5a743b3a03f56e26b6c774276c33fa0595111704ebb15c"]
["","container.from",["docker.io/library/ubuntu:24.04","linux/amd64"],"sha256:224a1869083a311ef3f13648a154ba79832fbef6364d31493642ca03082da254"]
["","git-latest",["github.com/sagikazarmark/daggerverse-beta",["tagPrefix","dagger-gha"]],"refs/heads/main"]
["","git-latest",["github.com/sagikazarmark/daggerverse-beta",["tagPrefix","rust"]],"refs/heads/main"]
["","git-latest",["github.com/sagikazarmark/daggerverse-beta",["tagPrefix","rust-environment"]],"refs/heads/main"]
["","git-sha",["github.com/excalidraw/excalidraw","refs/tags/v0.18.1"],"a2ec2889babf7d2295469c6d90ebe77fae57df84"]
["","git-sha",["github.com/rustsec/advisory-db","HEAD"],"b50980aad8b8f14f77e25a97b32dd94bf008b0af"]
["","git-sha",["github.com/sagikazarmark/daggerverse-beta","refs/heads/main"],"b0671fd12a040feaf0f811c70d66199cbbcd24ca"]
["","oci-sha",["docker.io/library/alpine:3.22.1"],"sha256:4bcff63911fcb4448bd4fdacec207030997caf25e9bea4045fa6c8c44de311d1"]
["","oci-sha",["docker.io/library/node:24.19.0-trixie-slim"],"sha256:ab3eebe934147fee049b5eb83c570f68c849a13c930bdfa482de99fcdfa3b3de"]
["","oci-sha",["docker.io/library/python:3.13.7-slim-trixie"],"sha256:5f55cdf0c5d9dc1a415637a5ccc4a9e18663ad203673173b8cda8f8dcacef689"]
["","oci-sha",["docker.io/library/rust:1.97.1-slim-trixie"],"sha256:8e8cf8f7fd54a2d23d5a743b3a03f56e26b6c774276c33fa0595111704ebb15c"]
["","oci-sha",["docker.io/library/rust:1.98-slim-trixie"],"sha256:bce1476d4be4d78b83705bc5f428b86d640eeeea33e9dadafbc037b5703a53bf"]
["","oci-sha",["docker.io/library/ubuntu:24.04"],"sha256:224a1869083a311ef3f13648a154ba79832fbef6364d31493642ca03082da254"]
["","oci-sha",["mcr.microsoft.com/playwright:v1.51.1-noble"],"sha256:146d046a8d79a1b3a87596c4457b0b1c47f811bf4fc2cc1b99e873ae7f1cbbbd"]